
Microsoft Visual Studio Solution File, Format Version 12.00
# Visual Studio 15
VisualStudioVersion = 15.0.28010.2046
MinimumVisualStudioVersion = 10.0.40219.1
Project("{FAE04EC0-301F-11D3-BF4B-00C04F79EFBC}") = "ForceFeedback.Controller", "ForceFeedback.Controller\ForceFeedback.Controller.csproj", "{2B0FE46F-0F50-4278-99E4-C13420DA5855}"
EndProject
Project("{FAE04EC0-301F-11D3-BF4B-00C04F79EFBC}") = "ConsoleTest", "ConsoleTest\ConsoleTest.csproj", "{3412E157-F01C-460C-A0EF-931827B8E6C4}"
EndProject
Project("{9A19103F-16F7-4668-BE54-9A1E7A4F7556}") = "Usb.Hid.Connection", "Usb.Hid.Connection\Usb.Hid.Connection.csproj", "{84AA92D8-6E9C-4F2A-B9C6-615F24398275}"
EndProject
Project("{9A19103F-16F7-4668-BE54-9A1E7A4F7556}") = "Joystick.Common", "Joystick.Common\Joystick.Common.csproj", "{32A7AC5A-00E2-4212-87E2-D7BA6F4F4316}"
EndProject
Project("{9A19103F-16F7-4668-BE54-9A1E7A4F7556}") = "CHProducts.ProPedals", "CHProducts.ProPedals\CHProducts.ProPedals.csproj", "{26EDB109-4170-411C-BBFC-617EDA3F7780}"
EndProject
Project("{9A19103F-16F7-4668-BE54-9A1E7A4F7556}") = "LeoBodnar.BBI32", "LeoBodnar.BBI32\LeoBodnar.BBI32.csproj", "{0F5A5484-572B-4E93-ABB6-1D52A74AED77}"
EndProject
Project("{9A19103F-16F7-4668-BE54-9A1E7A4F7556}") = "Microsoft.Sidewinder.ForceFeedback2", "Microsoft.Sidewinder.ForceFeedback2\Microsoft.Sidewinder.ForceFeedback2.csproj", "{C30DE25C-2B73-4CC8-9BEB-4BB3DBF8312A}"
EndProject
Project("{9A19103F-16F7-4668-BE54-9A1E7A4F7556}") = "Microsoft.Sidewinder.GameVoice", "Microsoft.Sidewinder.GameVoice\Microsoft.Sidewinder.GameVoice.csproj", "{10EB019B-BC71-430E-AF13-392091B5DCE1}"
EndProject
Project("{9A19103F-16F7-4668-BE54-9A1E7A4F7556}") = "Microsoft.Sidewinder.StrategicCommander", "Microsoft.Sidewinder.StrategicCommander\Microsoft.Sidewinder.StrategicCommander.csproj", "{95D9EBFA-3890-4E6D-A4BA-E73086D8B16E}"
EndProject
Project("{9A19103F-16F7-4668-BE54-9A1E7A4F7556}") = "Thrustmaster.Warthog.Throttle", "Thrustmaster.Warthog.Throttle\Thrustmaster.Warthog.Throttle.csproj", "{D8DE0674-794A-43E1-A4C1-A1D8419ED3A8}"
EndProject
Project("{2150E333-8FDC-42A3-9474-1A3956D46DE8}") = "Solution Items", "Solution Items", "{C78F87A8-F80F-4329-9F34-5E5DDA308B6A}"
	ProjectSection(SolutionItems) = preProject
		LICENSE = LICENSE
	EndProjectSection
EndProject
Project("{FAE04EC0-301F-11D3-BF4B-00C04F79EFBC}") = "Usb.GameControllers", "Usb.GameControllers\Usb.GameControllers.csproj", "{757D3C81-2051-40F3-A398-8BA2E1599595}"
EndProject
Global
	GlobalSection(SolutionConfigurationPlatforms) = preSolution
		Debug|Any CPU = Debug|Any CPU
		Release|Any CPU = Release|Any CPU
	EndGlobalSection
	GlobalSection(ProjectConfigurationPlatforms) = postSolution
		{2B0FE46F-0F50-4278-99E4-C13420DA5855}.Debug|Any CPU.ActiveCfg = Debug|Any CPU
		{2B0FE46F-0F50-4278-99E4-C13420DA5855}.Debug|Any CPU.Build.0 = Debug|Any CPU
		{2B0FE46F-0F50-4278-99E4-C13420DA5855}.Release|Any CPU.ActiveCfg = Release|Any CPU
		{2B0FE46F-0F50-4278-99E4-C13420DA5855}.Release|Any CPU.Build.0 = Release|Any CPU
		{3412E157-F01C-460C-A0EF-931827B8E6C4}.Debug|Any CPU.ActiveCfg = Debug|Any CPU
		{3412E157-F01C-460C-A0EF-931827B8E6C4}.Debug|Any CPU.Build.0 = Debug|Any CPU
		{3412E157-F01C-460C-A0EF-931827B8E6C4}.Release|Any CPU.ActiveCfg = Release|Any CPU
		{3412E157-F01C-460C-A0EF-931827B8E6C4}.Release|Any CPU.Build.0 = Release|Any CPU
		{84AA92D8-6E9C-4F2A-B9C6-615F24398275}.Debug|Any CPU.ActiveCfg = Debug|Any CPU
		{84AA92D8-6E9C-4F2A-B9C6-615F24398275}.Debug|Any CPU.Build.0 = Debug|Any CPU
		{84AA92D8-6E9C-4F2A-B9C6-615F24398275}.Release|Any CPU.ActiveCfg = Release|Any CPU
		{84AA92D8-6E9C-4F2A-B9C6-615F24398275}.Release|Any CPU.Build.0 = Release|Any CPU
		{32A7AC5A-00E2-4212-87E2-D7BA6F4F4316}.Debug|Any CPU.ActiveCfg = Debug|Any CPU
		{32A7AC5A-00E2-4212-87E2-D7BA6F4F4316}.Debug|Any CPU.Build.0 = Debug|Any CPU
		{32A7AC5A-00E2-4212-87E2-D7BA6F4F4316}.Release|Any CPU.ActiveCfg = Release|Any CPU
		{32A7AC5A-00E2-4212-87E2-D7BA6F4F4316}.Release|Any CPU.Build.0 = Release|Any CPU
		{26EDB109-4170-411C-BBFC-617EDA3F7780}.Debug|Any CPU.ActiveCfg = Debug|Any CPU
		{26EDB109-4170-411C-BBFC-617EDA3F7780}.Debug|Any CPU.Build.0 = Debug|Any CPU
		{26EDB109-4170-411C-BBFC-617EDA3F7780}.Release|Any CPU.ActiveCfg = Release|Any CPU
		{26EDB109-4170-411C-BBFC-617EDA3F7780}.Release|Any CPU.Build.0 = Release|Any CPU
		{0F5A5484-572B-4E93-ABB6-1D52A74AED77}.Debug|Any CPU.ActiveCfg = Debug|Any CPU
		{0F5A5484-572B-4E93-ABB6-1D52A74AED77}.Debug|Any CPU.Build.0 = Debug|Any CPU
		{0F5A5484-572B-4E93-ABB6-1D52A74AED77}.Release|Any CPU.ActiveCfg = Release|Any CPU
		{0F5A5484-572B-4E93-ABB6-1D52A74AED77}.Release|Any CPU.Build.0 = Release|Any CPU
		{C30DE25C-2B73-4CC8-9BEB-4BB3DBF8312A}.Debug|Any CPU.ActiveCfg = Debug|Any CPU
		{C30DE25C-2B73-4CC8-9BEB-4BB3DBF8312A}.Debug|Any CPU.Build.0 = Debug|Any CPU
		{C30DE25C-2B73-4CC8-9BEB-4BB3DBF8312A}.Release|Any CPU.ActiveCfg = Release|Any CPU
		{C30DE25C-2B73-4CC8-9BEB-4BB3DBF8312A}.Release|Any CPU.Build.0 = Release|Any CPU
		{10EB019B-BC71-430E-AF13-392091B5DCE1}.Debug|Any CPU.ActiveCfg = Debug|Any CPU
		{10EB019B-BC71-430E-AF13-392091B5DCE1}.Debug|Any CPU.Build.0 = Debug|Any CPU
		{10EB019B-BC71-430E-AF13-392091B5DCE1}.Release|Any CPU.ActiveCfg = Release|Any CPU
		{10EB019B-BC71-430E-AF13-392091B5DCE1}.Release|Any CPU.Build.0 = Release|Any CPU
		{95D9EBFA-3890-4E6D-A4BA-E73086D8B16E}.Debug|Any CPU.ActiveCfg = Debug|Any CPU
		{95D9EBFA-3890-4E6D-A4BA-E73086D8B16E}.Debug|Any CPU.Build.0 = Debug|Any CPU
		{95D9EBFA-3890-4E6D-A4BA-E73086D8B16E}.Release|Any CPU.ActiveCfg = Release|Any CPU
		{95D9EBFA-3890-4E6D-A4BA-E73086D8B16E}.Release|Any CPU.Build.0 = Release|Any CPU
		{D8DE0674-794A-43E1-A4C1-A1D8419ED3A8}.Debug|Any CPU.ActiveCfg = Debug|Any CPU
		{D8DE0674-794A-43E1-A4C1-A1D8419ED3A8}.Debug|Any CPU.Build.0 = Debug|Any CPU
		{D8DE0674-794A-43E1-A4C1-A1D8419ED3A8}.Release|Any CPU.ActiveCfg = Release|Any CPU
		{D8DE0674-794A-43E1-A4C1-A1D8419ED3A8}.Release|Any CPU.Build.0 = Release|Any CPU
		{757D3C81-2051-40F3-A398-8BA2E1599595}.Debug|Any CPU.ActiveCfg = Debug|Any CPU
		{757D3C81-2051-40F3-A398-8BA2E1599595}.Debug|Any CPU.Build.0 = Debug|Any CPU
		{757D3C81-2051-40F3-A398-8BA2E1599595}.Release|Any CPU.ActiveCfg = Release|Any CPU
		{757D3C81-2051-40F3-A398-8BA2E1599595}.Release|Any CPU.Build.0 = Release|Any CPU
	EndGlobalSection
	GlobalSection(SolutionProperties) = preSolution
		HideSolutionNode = FALSE
	EndGlobalSection
	GlobalSection(ExtensibilityGlobals) = postSolution
		SolutionGuid = {D7CDDB0F-CBC0-4A40-AEB4-82315A7879B6}
	EndGlobalSection
EndGlobal
