
Microsoft Visual Studio Solution File, Format Version 12.00
# Visual Studio 15
VisualStudioVersion = 15.0.28010.2046
MinimumVisualStudioVersion = 10.0.40219.1
Project("{FAE04EC0-301F-11D3-BF4B-00C04F79EFBC}") = "UsbController", "UsbController\UsbController.csproj", "{7EE0C27A-DE32-4F23-9787-22B425C0A952}"
EndProject
Project("{FAE04EC0-301F-11D3-BF4B-00C04F79EFBC}") = "Microsoft.Sidewinder.ForceFeedback2", "Microsoft.Sidewinder.ForceFeedback2\Microsoft.Sidewinder.ForceFeedback2.csproj", "{62DFE939-708A-4E0A-A4E4-B82AB513CF60}"
EndProject
Project("{FAE04EC0-301F-11D3-BF4B-00C04F79EFBC}") = "Microsoft.Sidewinder.StrategicCommander", "Microsoft.Sidewinder.StrategicCommander\Microsoft.Sidewinder.StrategicCommander.csproj", "{A1085E0A-0868-46E9-9596-9B61303D20AC}"
EndProject
Project("{FAE04EC0-301F-11D3-BF4B-00C04F79EFBC}") = "Joystick.Common", "Joystick.Common\Joystick.Common.csproj", "{81804826-1498-447F-84DE-09200C8304FA}"
EndProject
Project("{FAE04EC0-301F-11D3-BF4B-00C04F79EFBC}") = "Microsoft.Sidewinder.GameVoice", "Microsoft.Sidewinder.GameVoice\Microsoft.Sidewinder.GameVoice.csproj", "{9B382D87-8151-490F-BC43-B7F598F04ABA}"
EndProject
Project("{FAE04EC0-301F-11D3-BF4B-00C04F79EFBC}") = "Thrustmaster.Warthog.Throttle", "Thrustmaster.Warthog.Throttle\Thrustmaster.Warthog.Throttle.csproj", "{93D0DABB-42C9-4175-BE07-DE8146709FCD}"
EndProject
Project("{FAE04EC0-301F-11D3-BF4B-00C04F79EFBC}") = "CHProducts.ProPedals", "CHProducts.ProPedals\CHProducts.ProPedals.csproj", "{04C005D3-F7E7-40C6-BAE6-74C4EC9FC320}"
EndProject
Project("{FAE04EC0-301F-11D3-BF4B-00C04F79EFBC}") = "LeoBodnar.BBI32", "LeoBodnar.BBI32\LeoBodnar.BBI32.csproj", "{BA6BB94D-FF28-469C-99A2-22E770F3C362}"
EndProject
Global
	GlobalSection(SolutionConfigurationPlatforms) = preSolution
		Debug|Any CPU = Debug|Any CPU
		Release|Any CPU = Release|Any CPU
	EndGlobalSection
	GlobalSection(ProjectConfigurationPlatforms) = postSolution
		{7EE0C27A-DE32-4F23-9787-22B425C0A952}.Debug|Any CPU.ActiveCfg = Debug|Any CPU
		{7EE0C27A-DE32-4F23-9787-22B425C0A952}.Debug|Any CPU.Build.0 = Debug|Any CPU
		{7EE0C27A-DE32-4F23-9787-22B425C0A952}.Release|Any CPU.ActiveCfg = Release|Any CPU
		{7EE0C27A-DE32-4F23-9787-22B425C0A952}.Release|Any CPU.Build.0 = Release|Any CPU
		{62DFE939-708A-4E0A-A4E4-B82AB513CF60}.Debug|Any CPU.ActiveCfg = Debug|Any CPU
		{62DFE939-708A-4E0A-A4E4-B82AB513CF60}.Debug|Any CPU.Build.0 = Debug|Any CPU
		{62DFE939-708A-4E0A-A4E4-B82AB513CF60}.Release|Any CPU.ActiveCfg = Release|Any CPU
		{62DFE939-708A-4E0A-A4E4-B82AB513CF60}.Release|Any CPU.Build.0 = Release|Any CPU
		{A1085E0A-0868-46E9-9596-9B61303D20AC}.Debug|Any CPU.ActiveCfg = Debug|Any CPU
		{A1085E0A-0868-46E9-9596-9B61303D20AC}.Debug|Any CPU.Build.0 = Debug|Any CPU
		{A1085E0A-0868-46E9-9596-9B61303D20AC}.Release|Any CPU.ActiveCfg = Release|Any CPU
		{A1085E0A-0868-46E9-9596-9B61303D20AC}.Release|Any CPU.Build.0 = Release|Any CPU
		{81804826-1498-447F-84DE-09200C8304FA}.Debug|Any CPU.ActiveCfg = Debug|Any CPU
		{81804826-1498-447F-84DE-09200C8304FA}.Debug|Any CPU.Build.0 = Debug|Any CPU
		{81804826-1498-447F-84DE-09200C8304FA}.Release|Any CPU.ActiveCfg = Release|Any CPU
		{81804826-1498-447F-84DE-09200C8304FA}.Release|Any CPU.Build.0 = Release|Any CPU
		{9B382D87-8151-490F-BC43-B7F598F04ABA}.Debug|Any CPU.ActiveCfg = Debug|Any CPU
		{9B382D87-8151-490F-BC43-B7F598F04ABA}.Debug|Any CPU.Build.0 = Debug|Any CPU
		{9B382D87-8151-490F-BC43-B7F598F04ABA}.Release|Any CPU.ActiveCfg = Release|Any CPU
		{9B382D87-8151-490F-BC43-B7F598F04ABA}.Release|Any CPU.Build.0 = Release|Any CPU
		{93D0DABB-42C9-4175-BE07-DE8146709FCD}.Debug|Any CPU.ActiveCfg = Debug|Any CPU
		{93D0DABB-42C9-4175-BE07-DE8146709FCD}.Debug|Any CPU.Build.0 = Debug|Any CPU
		{93D0DABB-42C9-4175-BE07-DE8146709FCD}.Release|Any CPU.ActiveCfg = Release|Any CPU
		{93D0DABB-42C9-4175-BE07-DE8146709FCD}.Release|Any CPU.Build.0 = Release|Any CPU
		{04C005D3-F7E7-40C6-BAE6-74C4EC9FC320}.Debug|Any CPU.ActiveCfg = Debug|Any CPU
		{04C005D3-F7E7-40C6-BAE6-74C4EC9FC320}.Debug|Any CPU.Build.0 = Debug|Any CPU
		{04C005D3-F7E7-40C6-BAE6-74C4EC9FC320}.Release|Any CPU.ActiveCfg = Release|Any CPU
		{04C005D3-F7E7-40C6-BAE6-74C4EC9FC320}.Release|Any CPU.Build.0 = Release|Any CPU
		{BA6BB94D-FF28-469C-99A2-22E770F3C362}.Debug|Any CPU.ActiveCfg = Debug|Any CPU
		{BA6BB94D-FF28-469C-99A2-22E770F3C362}.Debug|Any CPU.Build.0 = Debug|Any CPU
		{BA6BB94D-FF28-469C-99A2-22E770F3C362}.Release|Any CPU.ActiveCfg = Release|Any CPU
		{BA6BB94D-FF28-469C-99A2-22E770F3C362}.Release|Any CPU.Build.0 = Release|Any CPU
	EndGlobalSection
	GlobalSection(SolutionProperties) = preSolution
		HideSolutionNode = FALSE
	EndGlobalSection
	GlobalSection(ExtensibilityGlobals) = postSolution
		SolutionGuid = {D7CDDB0F-CBC0-4A40-AEB4-82315A7879B6}
	EndGlobalSection
EndGlobal
